
Microsoft Visual Studio Solution File, Format Version 12.00
# Visual Studio Version 16
VisualStudioVersion = 16.0.29215.179
MinimumVisualStudioVersion = 10.0.40219.1
Project("{FAE04EC0-301F-11D3-BF4B-00C04F79EFBC}") = "Chappel_MIS4200", "Chappel_MIS4200.csproj", "{1D8A9729-FB8B-4C77-AFCE-FFFC9EBAB3C3}"
EndProject
Global
	GlobalSection(SolutionConfigurationPlatforms) = preSolution
		Debug|Any CPU = Debug|Any CPU
		Release|Any CPU = Release|Any CPU
	EndGlobalSection
	GlobalSection(ProjectConfigurationPlatforms) = postSolution
		{1D8A9729-FB8B-4C77-AFCE-FFFC9EBAB3C3}.Debug|Any CPU.ActiveCfg = Debug|Any CPU
		{1D8A9729-FB8B-4C77-AFCE-FFFC9EBAB3C3}.Debug|Any CPU.Build.0 = Debug|Any CPU
		{1D8A9729-FB8B-4C77-AFCE-FFFC9EBAB3C3}.Release|Any CPU.ActiveCfg = Release|Any CPU
		{1D8A9729-FB8B-4C77-AFCE-FFFC9EBAB3C3}.Release|Any CPU.Build.0 = Release|Any CPU
	EndGlobalSection
	GlobalSection(SolutionProperties) = preSolution
		HideSolutionNode = FALSE
	EndGlobalSection
	GlobalSection(ExtensibilityGlobals) = postSolution
		SolutionGuid = {67CAAEF3-DCF0-46BB-9E0A-52DA48A430B5}
	EndGlobalSection
EndGlobal
